// !$*UTF8*$!
{
	archiveVersion = 1;
	classes = {
	};
	objectVersion = 55;
	objects = {

/* Begin PBXBuildFile section */
		472069092A4BB24E006C7471 /* AccionarServicio.swift in Sources */ = {isa = PBXBuildFile; fileRef = 472069082A4BB24E006C7471 /* AccionarServicio.swift */; };
		4720690B2A4BB350006C7471 /* CambioTarjetaView.swift in Sources */ = {isa = PBXBuildFile; fileRef = 4720690A2A4BB350006C7471 /* CambioTarjetaView.swift */; };
		4720690D2A4BB366006C7471 /* ConsultaPagos.swift in Sources */ = {isa = PBXBuildFile; fileRef = 4720690C2A4BB366006C7471 /* ConsultaPagos.swift */; };
		4720690F2A4BB37D006C7471 /* AlterarContrato.swift in Sources */ = {isa = PBXBuildFile; fileRef = 4720690E2A4BB37D006C7471 /* AlterarContrato.swift */; };
		472069112A4BB3D8006C7471 /* ChatBootView.swift in Sources */ = {isa = PBXBuildFile; fileRef = 472069102A4BB3D8006C7471 /* ChatBootView.swift */; };
		472069132A4BB3FC006C7471 /* CambioClaveView.swift in Sources */ = {isa = PBXBuildFile; fileRef = 472069122A4BB3F9006C7471 /* CambioClaveView.swift */; };
		472069152A4BB48D006C7471 /* CentralAyudaView.swift in Sources */ = {isa = PBXBuildFile; fileRef = 472069142A4BB48D006C7471 /* CentralAyudaView.swift */; };
		473857102A3B83E500E0A63E /* GlobeTabViewHome.swift in Sources */ = {isa = PBXBuildFile; fileRef = 4738570F2A3B83E500E0A63E /* GlobeTabViewHome.swift */; };
		473857122A3B887E00E0A63E /* ImageCache.swift in Sources */ = {isa = PBXBuildFile; fileRef = 473857112A3B887E00E0A63E /* ImageCache.swift */; };
		473857142A3B8EDD00E0A63E /* ProfileView.swift in Sources */ = {isa = PBXBuildFile; fileRef = 473857132A3B8EDD00E0A63E /* ProfileView.swift */; };
		473A7F322A37784A002CFA12 /* ForgotPasswordView.swift in Sources */ = {isa = PBXBuildFile; fileRef = 473A7F312A37784A002CFA12 /* ForgotPasswordView.swift */; };
		47451DDB2A2CF46B004C767A /* RegistrationView.swift in Sources */ = {isa = PBXBuildFile; fileRef = 47451DDA2A2CF46B004C767A /* RegistrationView.swift */; };
		47451DDD2A2D024E004C767A /* User.swift in Sources */ = {isa = PBXBuildFile; fileRef = 47451DDC2A2D024E004C767A /* User.swift */; };
		47451DDF2A2D317E004C767A /* GoogleService-Info.plist in Resources */ = {isa = PBXBuildFile; fileRef = 47451DDE2A2D317E004C767A /* GoogleService-Info.plist */; };
		47451DE22A2D3C42004C767A /* FirebaseAuth in Frameworks */ = {isa = PBXBuildFile; productRef = 47451DE12A2D3C42004C767A /* FirebaseAuth */; };
		47451DE42A2D3C42004C767A /* FirebaseFirestore in Frameworks */ = {isa = PBXBuildFile; productRef = 47451DE32A2D3C42004C767A /* FirebaseFirestore */; };
		47451DE62A2D3C42004C767A /* FirebaseFirestoreSwift in Frameworks */ = {isa = PBXBuildFile; productRef = 47451DE52A2D3C42004C767A /* FirebaseFirestoreSwift */; };
		47451DE82A2D3C42004C767A /* FirebaseStorage in Frameworks */ = {isa = PBXBuildFile; productRef = 47451DE72A2D3C42004C767A /* FirebaseStorage */; };
		47451DEC2A2D4068004C767A /* AuthViewModel.swift in Sources */ = {isa = PBXBuildFile; fileRef = 47451DEB2A2D4068004C767A /* AuthViewModel.swift */; };
		47451DEE2A2D99D7004C767A /* HomeApp.swift in Sources */ = {isa = PBXBuildFile; fileRef = 47451DED2A2D99D7004C767A /* HomeApp.swift */; };
		47451DF02A2D9D16004C767A /* HomeInteractionView.swift in Sources */ = {isa = PBXBuildFile; fileRef = 47451DEF2A2D9D16004C767A /* HomeInteractionView.swift */; };
		476269C32A2A53420067EA99 /* LoginView.swift in Sources */ = {isa = PBXBuildFile; fileRef = 476269C22A2A53410067EA99 /* LoginView.swift */; };
		476269C62A2A5FE70067EA99 /* InputView.swift in Sources */ = {isa = PBXBuildFile; fileRef = 476269C52A2A5FE70067EA99 /* InputView.swift */; };
		477878502A38F5CD00571FD4 /* ItemsHome.swift in Sources */ = {isa = PBXBuildFile; fileRef = 4778784F2A38F5CC00571FD4 /* ItemsHome.swift */; };
		47C27C052A4B5704001848B7 /* CustomNavBarView.swift in Sources */ = {isa = PBXBuildFile; fileRef = 47C27C042A4B5704001848B7 /* CustomNavBarView.swift */; };
		47C27C082A4B5D58001848B7 /* CustomNavBarContainerView.swift in Sources */ = {isa = PBXBuildFile; fileRef = 47C27C072A4B5D58001848B7 /* CustomNavBarContainerView.swift */; };
		47CA17822A26B2A600BEFF14 /* HomeIntroduction.swift in Sources */ = {isa = PBXBuildFile; fileRef = 47CA17812A26B2A500BEFF14 /* HomeIntroduction.swift */; };
		47D0CBD22A27E874004F2B55 /* PageIndicator.swift in Sources */ = {isa = PBXBuildFile; fileRef = 47D0CBD12A27E874004F2B55 /* PageIndicator.swift */; };
		47D0CBD72A27EE37004F2B55 /* WelcomeView.swift in Sources */ = {isa = PBXBuildFile; fileRef = 47D0CBD62A27EE37004F2B55 /* WelcomeView.swift */; };
		47E43E242A26A631003DA621 /* T_ConectApp.swift in Sources */ = {isa = PBXBuildFile; fileRef = 47E43E232A26A631003DA621 /* T_ConectApp.swift */; };
		47E43E282A26A636003DA621 /* Assets.xcassets in Resources */ = {isa = PBXBuildFile; fileRef = 47E43E272A26A636003DA621 /* Assets.xcassets */; };
		47E43E2B2A26A636003DA621 /* Preview Assets.xcassets in Resources */ = {isa = PBXBuildFile; fileRef = 47E43E2A2A26A636003DA621 /* Preview Assets.xcassets */; };
/* End PBXBuildFile section */

/* Begin PBXFileReference section */
		472069082A4BB24E006C7471 /* AccionarServicio.swift */ = {isa = PBXFileReference; lastKnownFileType = sourcecode.swift; path = AccionarServicio.swift; sourceTree = "<group>"; };
		4720690A2A4BB350006C7471 /* CambioTarjetaView.swift */ = {isa = PBXFileReference; lastKnownFileType = sourcecode.swift; path = CambioTarjetaView.swift; sourceTree = "<group>"; };
		4720690C2A4BB366006C7471 /* ConsultaPagos.swift */ = {isa = PBXFileReference; lastKnownFileType = sourcecode.swift; path = ConsultaPagos.swift; sourceTree = "<group>"; };
		4720690E2A4BB37D006C7471 /* AlterarContrato.swift */ = {isa = PBXFileReference; lastKnownFileType = sourcecode.swift; path = AlterarContrato.swift; sourceTree = "<group>"; };
		472069102A4BB3D8006C7471 /* ChatBootView.swift */ = {isa = PBXFileReference; lastKnownFileType = sourcecode.swift; path = ChatBootView.swift; sourceTree = "<group>"; };
		472069122A4BB3F9006C7471 /* CambioClaveView.swift */ = {isa = PBXFileReference; lastKnownFileType = sourcecode.swift; path = CambioClaveView.swift; sourceTree = "<group>"; };
		472069142A4BB48D006C7471 /* CentralAyudaView.swift */ = {isa = PBXFileReference; lastKnownFileType = sourcecode.swift; path = CentralAyudaView.swift; sourceTree = "<group>"; };
		4738570F2A3B83E500E0A63E /* GlobeTabViewHome.swift */ = {isa = PBXFileReference; lastKnownFileType = sourcecode.swift; path = GlobeTabViewHome.swift; sourceTree = "<group>"; };
		473857112A3B887E00E0A63E /* ImageCache.swift */ = {isa = PBXFileReference; lastKnownFileType = sourcecode.swift; path = ImageCache.swift; sourceTree = "<group>"; };
		473857132A3B8EDD00E0A63E /* ProfileView.swift */ = {isa = PBXFileReference; lastKnownFileType = sourcecode.swift; path = ProfileView.swift; sourceTree = "<group>"; };
		473A7F312A37784A002CFA12 /* ForgotPasswordView.swift */ = {isa = PBXFileReference; lastKnownFileType = sourcecode.swift; path = ForgotPasswordView.swift; sourceTree = "<group>"; };
		47451DDA2A2CF46B004C767A /* RegistrationView.swift */ = {isa = PBXFileReference; lastKnownFileType = sourcecode.swift; path = RegistrationView.swift; sourceTree = "<group>"; };
		47451DDC2A2D024E004C767A /* User.swift */ = {isa = PBXFileReference; lastKnownFileType = sourcecode.swift; path = User.swift; sourceTree = "<group>"; };
		47451DDE2A2D317E004C767A /* GoogleService-Info.plist */ = {isa = PBXFileReference; lastKnownFileType = text.plist; path = "GoogleService-Info.plist"; sourceTree = SOURCE_ROOT; };
		47451DEB2A2D4068004C767A /* AuthViewModel.swift */ = {isa = PBXFileReference; lastKnownFileType = sourcecode.swift; path = AuthViewModel.swift; sourceTree = "<group>"; };
		47451DED2A2D99D7004C767A /* HomeApp.swift */ = {isa = PBXFileReference; lastKnownFileType = sourcecode.swift; path = HomeApp.swift; sourceTree = "<group>"; };
		47451DEF2A2D9D16004C767A /* HomeInteractionView.swift */ = {isa = PBXFileReference; lastKnownFileType = sourcecode.swift; path = HomeInteractionView.swift; sourceTree = "<group>"; };
		476269C22A2A53410067EA99 /* LoginView.swift */ = {isa = PBXFileReference; lastKnownFileType = sourcecode.swift; path = LoginView.swift; sourceTree = "<group>"; };
		476269C52A2A5FE70067EA99 /* InputView.swift */ = {isa = PBXFileReference; lastKnownFileType = sourcecode.swift; path = InputView.swift; sourceTree = "<group>"; };
		4778784F2A38F5CC00571FD4 /* ItemsHome.swift */ = {isa = PBXFileReference; lastKnownFileType = sourcecode.swift; path = ItemsHome.swift; sourceTree = "<group>"; };
		47C27C042A4B5704001848B7 /* CustomNavBarView.swift */ = {isa = PBXFileReference; lastKnownFileType = sourcecode.swift; path = CustomNavBarView.swift; sourceTree = "<group>"; };
		47C27C072A4B5D58001848B7 /* CustomNavBarContainerView.swift */ = {isa = PBXFileReference; lastKnownFileType = sourcecode.swift; path = CustomNavBarContainerView.swift; sourceTree = "<group>"; };
		47CA17812A26B2A500BEFF14 /* HomeIntroduction.swift */ = {isa = PBXFileReference; lastKnownFileType = sourcecode.swift; path = HomeIntroduction.swift; sourceTree = "<group>"; };
		47D0CBD12A27E874004F2B55 /* PageIndicator.swift */ = {isa = PBXFileReference; lastKnownFileType = sourcecode.swift; path = PageIndicator.swift; sourceTree = "<group>"; };
		47D0CBD62A27EE37004F2B55 /* WelcomeView.swift */ = {isa = PBXFileReference; lastKnownFileType = sourcecode.swift; path = WelcomeView.swift; sourceTree = "<group>"; };
		47E43E202A26A631003DA621 /* T-Conect.app */ = {isa = PBXFileReference; explicitFileType = wrapper.application; includeInIndex = 0; path = "T-Conect.app"; sourceTree = BUILT_PRODUCTS_DIR; };
		47E43E232A26A631003DA621 /* T_ConectApp.swift */ = {isa = PBXFileReference; lastKnownFileType = sourcecode.swift; path = T_ConectApp.swift; sourceTree = "<group>"; };
		47E43E272A26A636003DA621 /* Assets.xcassets */ = {isa = PBXFileReference; lastKnownFileType = folder.assetcatalog; path = Assets.xcassets; sourceTree = "<group>"; };
		47E43E2A2A26A636003DA621 /* Preview Assets.xcassets */ = {isa = PBXFileReference; lastKnownFileType = folder.assetcatalog; path = "Preview Assets.xcassets"; sourceTree = "<group>"; };
/* End PBXFileReference section */

/* Begin PBXFrameworksBuildPhase section */
		47E43E1D2A26A631003DA621 /* Frameworks */ = {
			isa = PBXFrameworksBuildPhase;
			buildActionMask = 2147483647;
			files = (
				47451DE22A2D3C42004C767A /* FirebaseAuth in Frameworks */,
				47451DE82A2D3C42004C767A /* FirebaseStorage in Frameworks */,
				47451DE42A2D3C42004C767A /* FirebaseFirestore in Frameworks */,
				47451DE62A2D3C42004C767A /* FirebaseFirestoreSwift in Frameworks */,
			);
			runOnlyForDeploymentPostprocessing = 0;
		};
/* End PBXFrameworksBuildPhase section */

/* Begin PBXGroup section */
		472069072A4BB21E006C7471 /* ActionsHomeViews */ = {
			isa = PBXGroup;
			children = (
				472069082A4BB24E006C7471 /* AccionarServicio.swift */,
				4720690A2A4BB350006C7471 /* CambioTarjetaView.swift */,
				4720690C2A4BB366006C7471 /* ConsultaPagos.swift */,
				4720690E2A4BB37D006C7471 /* AlterarContrato.swift */,
				472069102A4BB3D8006C7471 /* ChatBootView.swift */,
				472069122A4BB3F9006C7471 /* CambioClaveView.swift */,
				472069142A4BB48D006C7471 /* CentralAyudaView.swift */,
			);
			path = ActionsHomeViews;
			sourceTree = "<group>";
		};
		4738570E2A3B83B500E0A63E /* TabViewHome */ = {
			isa = PBXGroup;
			children = (
				4738570F2A3B83E500E0A63E /* GlobeTabViewHome.swift */,
			);
			path = TabViewHome;
			sourceTree = "<group>";
		};
		47451DE92A2D3C97004C767A /* View */ = {
			isa = PBXGroup;
			children = (
				476269C22A2A53410067EA99 /* LoginView.swift */,
				473A7F312A37784A002CFA12 /* ForgotPasswordView.swift */,
				47451DDA2A2CF46B004C767A /* RegistrationView.swift */,
			);
			path = View;
			sourceTree = "<group>";
		};
		47451DEA2A2D3CA8004C767A /* ViewModel */ = {
			isa = PBXGroup;
			children = (
				47451DEB2A2D4068004C767A /* AuthViewModel.swift */,
			);
			path = ViewModel;
			sourceTree = "<group>";
		};
		476269BF2A2A52F80067EA99 /* Authentication */ = {
			isa = PBXGroup;
			children = (
				47451DE92A2D3C97004C767A /* View */,
				47451DEA2A2D3CA8004C767A /* ViewModel */,
			);
			path = Authentication;
			sourceTree = "<group>";
		};
		476269C02A2A530C0067EA99 /* Profile */ = {
			isa = PBXGroup;
			children = (
				473857132A3B8EDD00E0A63E /* ProfileView.swift */,
			);
			path = Profile;
			sourceTree = "<group>";
		};
		476269C12A2A53150067EA99 /* Root */ = {
			isa = PBXGroup;
			children = (
			);
			path = Root;
			sourceTree = "<group>";
		};
		476269C42A2A5FD10067EA99 /* Components */ = {
			isa = PBXGroup;
			children = (
				47C27C062A4B5CFA001848B7 /* CustomNavBar */,
				476269C52A2A5FE70067EA99 /* InputView.swift */,
				47D0CBD12A27E874004F2B55 /* PageIndicator.swift */,
				4778784F2A38F5CC00571FD4 /* ItemsHome.swift */,
			);
			path = Components;
			sourceTree = "<group>";
		};
		47C27C062A4B5CFA001848B7 /* CustomNavBar */ = {
			isa = PBXGroup;
			children = (
				47C27C042A4B5704001848B7 /* CustomNavBarView.swift */,
				47C27C072A4B5D58001848B7 /* CustomNavBarContainerView.swift */,
			);
			path = CustomNavBar;
			sourceTree = "<group>";
		};
		47CA177A2A26B13400BEFF14 /* App */ = {
			isa = PBXGroup;
			children = (
				47E43E232A26A631003DA621 /* T_ConectApp.swift */,
			);
			path = App;
			sourceTree = "<group>";
		};
		47CA177B2A26B14700BEFF14 /* Core */ = {
			isa = PBXGroup;
			children = (
				472069072A4BB21E006C7471 /* ActionsHomeViews */,
				4738570E2A3B83B500E0A63E /* TabViewHome */,
				476269C12A2A53150067EA99 /* Root */,
				476269C02A2A530C0067EA99 /* Profile */,
				476269BF2A2A52F80067EA99 /* Authentication */,
				47D0CBD32A27ED73004F2B55 /* WelcomeView */,
				47CA17802A26B1BB00BEFF14 /* Home */,
				47CA177F2A26B1A600BEFF14 /* Introduction */,
			);
			path = Core;
			sourceTree = "<group>";
		};
		47CA177C2A26B14F00BEFF14 /* Extensions */ = {
			isa = PBXGroup;
			children = (
			);
			path = Extensions;
			sourceTree = "<group>";
		};
		47CA177D2A26B16000BEFF14 /* Managers */ = {
			isa = PBXGroup;
			children = (
			);
			path = Managers;
			sourceTree = "<group>";
		};
		47CA177E2A26B16E00BEFF14 /* Models */ = {
			isa = PBXGroup;
			children = (
				47451DDC2A2D024E004C767A /* User.swift */,
				473857112A3B887E00E0A63E /* ImageCache.swift */,
			);
			path = Models;
			sourceTree = "<group>";
		};
		47CA177F2A26B1A600BEFF14 /* Introduction */ = {
			isa = PBXGroup;
			children = (
				47CA17812A26B2A500BEFF14 /* HomeIntroduction.swift */,
			);
			path = Introduction;
			sourceTree = "<group>";
		};
		47CA17802A26B1BB00BEFF14 /* Home */ = {
			isa = PBXGroup;
			children = (
				47451DED2A2D99D7004C767A /* HomeApp.swift */,
				47451DEF2A2D9D16004C767A /* HomeInteractionView.swift */,
			);
			path = Home;
			sourceTree = "<group>";
		};
		47D0CBD32A27ED73004F2B55 /* WelcomeView */ = {
			isa = PBXGroup;
			children = (
				47D0CBD62A27EE37004F2B55 /* WelcomeView.swift */,
			);
			path = WelcomeView;
			sourceTree = "<group>";
		};
		47E43E172A26A631003DA621 = {
			isa = PBXGroup;
			children = (
				47E43E222A26A631003DA621 /* T-Conect */,
				47E43E212A26A631003DA621 /* Products */,
			);
			sourceTree = "<group>";
		};
		47E43E212A26A631003DA621 /* Products */ = {
			isa = PBXGroup;
			children = (
				47E43E202A26A631003DA621 /* T-Conect.app */,
			);
			name = Products;
			sourceTree = "<group>";
		};
		47E43E222A26A631003DA621 /* T-Conect */ = {
			isa = PBXGroup;
			children = (
				476269C42A2A5FD10067EA99 /* Components */,
				47CA177E2A26B16E00BEFF14 /* Models */,
				47CA177D2A26B16000BEFF14 /* Managers */,
				47CA177C2A26B14F00BEFF14 /* Extensions */,
				47CA177B2A26B14700BEFF14 /* Core */,
				47CA177A2A26B13400BEFF14 /* App */,
				47E43E272A26A636003DA621 /* Assets.xcassets */,
				47451DDE2A2D317E004C767A /* GoogleService-Info.plist */,
				47E43E292A26A636003DA621 /* Preview Content */,
			);
			path = "T-Conect";
			sourceTree = "<group>";
		};
		47E43E292A26A636003DA621 /* Preview Content */ = {
			isa = PBXGroup;
			children = (
				47E43E2A2A26A636003DA621 /* Preview Assets.xcassets */,
			);
			path = "Preview Content";
			sourceTree = "<group>";
		};
/* End PBXGroup section */

/* Begin PBXNativeTarget section */
		47E43E1F2A26A631003DA621 /* T-Conect */ = {
			isa = PBXNativeTarget;
			buildConfigurationList = 47E43E2E2A26A636003DA621 /* Build configuration list for PBXNativeTarget "T-Conect" */;
			buildPhases = (
				47E43E1C2A26A631003DA621 /* Sources */,
				47E43E1D2A26A631003DA621 /* Frameworks */,
				47E43E1E2A26A631003DA621 /* Resources */,
			);
			buildRules = (
			);
			dependencies = (
			);
			name = "T-Conect";
			packageProductDependencies = (
				47451DE12A2D3C42004C767A /* FirebaseAuth */,
				47451DE32A2D3C42004C767A /* FirebaseFirestore */,
				47451DE52A2D3C42004C767A /* FirebaseFirestoreSwift */,
				47451DE72A2D3C42004C767A /* FirebaseStorage */,
			);
			productName = "T-Conect";
			productReference = 47E43E202A26A631003DA621 /* T-Conect.app */;
			productType = "com.apple.product-type.application";
		};
/* End PBXNativeTarget section */

/* Begin PBXProject section */
		47E43E182A26A631003DA621 /* Project object */ = {
			isa = PBXProject;
			attributes = {
				BuildIndependentTargetsInParallel = 1;
				LastSwiftUpdateCheck = 1320;
				LastUpgradeCheck = 1320;
				TargetAttributes = {
					47E43E1F2A26A631003DA621 = {
						CreatedOnToolsVersion = 13.2;
					};
				};
			};
			buildConfigurationList = 47E43E1B2A26A631003DA621 /* Build configuration list for PBXProject "T-Conect" */;
			compatibilityVersion = "Xcode 13.0";
			developmentRegion = en;
			hasScannedForEncodings = 0;
			knownRegions = (
				en,
				Base,
			);
			mainGroup = 47E43E172A26A631003DA621;
			packageReferences = (
				47451DE02A2D3C42004C767A /* XCRemoteSwiftPackageReference "firebase-ios-sdk" */,
			);
			productRefGroup = 47E43E212A26A631003DA621 /* Products */;
			projectDirPath = "";
			projectRoot = "";
			targets = (
				47E43E1F2A26A631003DA621 /* T-Conect */,
			);
		};
/* End PBXProject section */

/* Begin PBXResourcesBuildPhase section */
		47E43E1E2A26A631003DA621 /* Resources */ = {
			isa = PBXResourcesBuildPhase;
			buildActionMask = 2147483647;
			files = (
				47E43E2B2A26A636003DA621 /* Preview Assets.xcassets in Resources */,
				47E43E282A26A636003DA621 /* Assets.xcassets in Resources */,
				47451DDF2A2D317E004C767A /* GoogleService-Info.plist in Resources */,
			);
			runOnlyForDeploymentPostprocessing = 0;
		};
/* End PBXResourcesBuildPhase section */

/* Begin PBXSourcesBuildPhase section */
		47E43E1C2A26A631003DA621 /* Sources */ = {
			isa = PBXSourcesBuildPhase;
			buildActionMask = 2147483647;
			files = (
				473857122A3B887E00E0A63E /* ImageCache.swift in Sources */,
				47451DEE2A2D99D7004C767A /* HomeApp.swift in Sources */,
				477878502A38F5CD00571FD4 /* ItemsHome.swift in Sources */,
				47CA17822A26B2A600BEFF14 /* HomeIntroduction.swift in Sources */,
				47D0CBD22A27E874004F2B55 /* PageIndicator.swift in Sources */,
				47C27C082A4B5D58001848B7 /* CustomNavBarContainerView.swift in Sources */,
				47E43E242A26A631003DA621 /* T_ConectApp.swift in Sources */,
				4720690B2A4BB350006C7471 /* CambioTarjetaView.swift in Sources */,
				4720690D2A4BB366006C7471 /* ConsultaPagos.swift in Sources */,
				47451DDB2A2CF46B004C767A /* RegistrationView.swift in Sources */,
				47451DDD2A2D024E004C767A /* User.swift in Sources */,
				473857142A3B8EDD00E0A63E /* ProfileView.swift in Sources */,
				472069112A4BB3D8006C7471 /* ChatBootView.swift in Sources */,
				472069092A4BB24E006C7471 /* AccionarServicio.swift in Sources */,
				473857102A3B83E500E0A63E /* GlobeTabViewHome.swift in Sources */,
				476269C62A2A5FE70067EA99 /* InputView.swift in Sources */,
				4720690F2A4BB37D006C7471 /* AlterarContrato.swift in Sources */,
				472069132A4BB3FC006C7471 /* CambioClaveView.swift in Sources */,
				47451DF02A2D9D16004C767A /* HomeInteractionView.swift in Sources */,
				47C27C052A4B5704001848B7 /* CustomNavBarView.swift in Sources */,
				476269C32A2A53420067EA99 /* LoginView.swift in Sources */,
				47D0CBD72A27EE37004F2B55 /* WelcomeView.swift in Sources */,
				472069152A4BB48D006C7471 /* CentralAyudaView.swift in Sources */,
				473A7F322A37784A002CFA12 /* ForgotPasswordView.swift in Sources */,
				47451DEC2A2D4068004C767A /* AuthViewModel.swift in Sources */,
			);
			runOnlyForDeploymentPostprocessing = 0;
		};
/* End PBXSourcesBuildPhase section */

/* Begin XCBuildConfiguration section */
		47E43E2C2A26A636003DA621 /* Debug */ = {
			isa = XCBuildConfiguration;
			buildSettings = {
				ALWAYS_SEARCH_USER_PATHS = NO;
				CLANG_ANALYZER_NONNULL = YES;
				CLANG_ANALYZER_NUMBER_OBJECT_CONVERSION = YES_AGGRESSIVE;
				CLANG_CXX_LANGUAGE_STANDARD = "gnu++17";
				CLANG_CXX_LIBRARY = "libc++";
				CLANG_ENABLE_MODULES = YES;
				CLANG_ENABLE_OBJC_ARC = YES;
				CLANG_ENABLE_OBJC_WEAK = YES;
				CLANG_WARN_BLOCK_CAPTURE_AUTORELEASING = YES;
				CLANG_WARN_BOOL_CONVERSION = YES;
				CLANG_WARN_COMMA = YES;
				CLANG_WARN_CONSTANT_CONVERSION = YES;
				CLANG_WARN_DEPRECATED_OBJC_IMPLEMENTATIONS = YES;
				CLANG_WARN_DIRECT_OBJC_ISA_USAGE = YES_ERROR;
				CLANG_WARN_DOCUMENTATION_COMMENTS = YES;
				CLANG_WARN_EMPTY_BODY = YES;
				CLANG_WARN_ENUM_CONVERSION = YES;
				CLANG_WARN_INFINITE_RECURSION = YES;
				CLANG_WARN_INT_CONVERSION = YES;
				CLANG_WARN_NON_LITERAL_NULL_CONVERSION = YES;
				CLANG_WARN_OBJC_IMPLICIT_RETAIN_SELF = YES;
				CLANG_WARN_OBJC_LITERAL_CONVERSION = YES;
				CLANG_WARN_OBJC_ROOT_CLASS = YES_ERROR;
				CLANG_WARN_QUOTED_INCLUDE_IN_FRAMEWORK_HEADER = YES;
				CLANG_WARN_RANGE_LOOP_ANALYSIS = YES;
				CLANG_WARN_STRICT_PROTOTYPES = YES;
				CLANG_WARN_SUSPICIOUS_MOVE = YES;
				CLANG_WARN_UNGUARDED_AVAILABILITY = YES_AGGRESSIVE;
				CLANG_WARN_UNREACHABLE_CODE = YES;
				CLANG_WARN__DUPLICATE_METHOD_MATCH = YES;
				COPY_PHASE_STRIP = NO;
				DEBUG_INFORMATION_FORMAT = dwarf;
				ENABLE_STRICT_OBJC_MSGSEND = YES;
				ENABLE_TESTABILITY = YES;
				GCC_C_LANGUAGE_STANDARD = gnu11;
				GCC_DYNAMIC_NO_PIC = NO;
				GCC_NO_COMMON_BLOCKS = YES;
				GCC_OPTIMIZATION_LEVEL = 0;
				GCC_PREPROCESSOR_DEFINITIONS = (
					"DEBUG=1",
					"$(inherited)",
				);
				GCC_WARN_64_TO_32_BIT_CONVERSION = YES;
				GCC_WARN_ABOUT_RETURN_TYPE = YES_ERROR;
				GCC_WARN_UNDECLARED_SELECTOR = YES;
				GCC_WARN_UNINITIALIZED_AUTOS = YES_AGGRESSIVE;
				GCC_WARN_UNUSED_FUNCTION = YES;
				GCC_WARN_UNUSED_VARIABLE = YES;
				IPHONEOS_DEPLOYMENT_TARGET = 15.2;
				MTL_ENABLE_DEBUG_INFO = INCLUDE_SOURCE;
				MTL_FAST_MATH = YES;
				ONLY_ACTIVE_ARCH = YES;
				SDKROOT = iphoneos;
				SWIFT_ACTIVE_COMPILATION_CONDITIONS = DEBUG;
				SWIFT_OPTIMIZATION_LEVEL = "-Onone";
			};
			name = Debug;
		};
		47E43E2D2A26A636003DA621 /* Release */ = {
			isa = XCBuildConfiguration;
			buildSettings = {
				ALWAYS_SEARCH_USER_PATHS = NO;
				CLANG_ANALYZER_NONNULL = YES;
				CLANG_ANALYZER_NUMBER_OBJECT_CONVERSION = YES_AGGRESSIVE;
				CLANG_CXX_LANGUAGE_STANDARD = "gnu++17";
				CLANG_CXX_LIBRARY = "libc++";
				CLANG_ENABLE_MODULES = YES;
				CLANG_ENABLE_OBJC_ARC = YES;
				CLANG_ENABLE_OBJC_WEAK = YES;
				CLANG_WARN_BLOCK_CAPTURE_AUTORELEASING = YES;
				CLANG_WARN_BOOL_CONVERSION = YES;
				CLANG_WARN_COMMA = YES;
				CLANG_WARN_CONSTANT_CONVERSION = YES;
				CLANG_WARN_DEPRECATED_OBJC_IMPLEMENTATIONS = YES;
				CLANG_WARN_DIRECT_OBJC_ISA_USAGE = YES_ERROR;
				CLANG_WARN_DOCUMENTATION_COMMENTS = YES;
				CLANG_WARN_EMPTY_BODY = YES;
				CLANG_WARN_ENUM_CONVERSION = YES;
				CLANG_WARN_INFINITE_RECURSION = YES;
				CLANG_WARN_INT_CONVERSION = YES;
				CLANG_WARN_NON_LITERAL_NULL_CONVERSION = YES;
				CLANG_WARN_OBJC_IMPLICIT_RETAIN_SELF = YES;
				CLANG_WARN_OBJC_LITERAL_CONVERSION = YES;
				CLANG_WARN_OBJC_ROOT_CLASS = YES_ERROR;
				CLANG_WARN_QUOTED_INCLUDE_IN_FRAMEWORK_HEADER = YES;
				CLANG_WARN_RANGE_LOOP_ANALYSIS = YES;
				CLANG_WARN_STRICT_PROTOTYPES = YES;
				CLANG_WARN_SUSPICIOUS_MOVE = YES;
				CLANG_WARN_UNGUARDED_AVAILABILITY = YES_AGGRESSIVE;
				CLANG_WARN_UNREACHABLE_CODE = YES;
				CLANG_WARN__DUPLICATE_METHOD_MATCH = YES;
				COPY_PHASE_STRIP = NO;
				DEBUG_INFORMATION_FORMAT = "dwarf-with-dsym";
				ENABLE_NS_ASSERTIONS = NO;
				ENABLE_STRICT_OBJC_MSGSEND = YES;
				GCC_C_LANGUAGE_STANDARD = gnu11;
				GCC_NO_COMMON_BLOCKS = YES;
				GCC_WARN_64_TO_32_BIT_CONVERSION = YES;
				GCC_WARN_ABOUT_RETURN_TYPE = YES_ERROR;
				GCC_WARN_UNDECLARED_SELECTOR = YES;
				GCC_WARN_UNINITIALIZED_AUTOS = YES_AGGRESSIVE;
				GCC_WARN_UNUSED_FUNCTION = YES;
				GCC_WARN_UNUSED_VARIABLE = YES;
				IPHONEOS_DEPLOYMENT_TARGET = 15.2;
				MTL_ENABLE_DEBUG_INFO = NO;
				MTL_FAST_MATH = YES;
				SDKROOT = iphoneos;
				SWIFT_COMPILATION_MODE = wholemodule;
				SWIFT_OPTIMIZATION_LEVEL = "-O";
				VALIDATE_PRODUCT = YES;
			};
			name = Release;
		};
		47E43E2F2A26A636003DA621 /* Debug */ = {
			isa = XCBuildConfiguration;
			buildSettings = {
				ASSETCATALOG_COMPILER_APPICON_NAME = AppIcon;
				ASSETCATALOG_COMPILER_GLOBAL_ACCENT_COLOR_NAME = AccentColor;
				CODE_SIGN_STYLE = Automatic;
				CURRENT_PROJECT_VERSION = 1;
				DEVELOPMENT_ASSET_PATHS = "\"T-Conect/Preview Content\"";
				DEVELOPMENT_TEAM = 7UZ9279552;
				ENABLE_PREVIEWS = YES;
				GENERATE_INFOPLIST_FILE = YES;
				INFOPLIST_KEY_UIApplicationSceneManifest_Generation = YES;
				INFOPLIST_KEY_UIApplicationSupportsIndirectInputEvents = YES;
				INFOPLIST_KEY_UILaunchScreen_Generation = YES;
				INFOPLIST_KEY_UISupportedInterfaceOrientations_iPad = "UIInterfaceOrientationPortrait UIInterfaceOrientationPortraitUpsideDown UIInterfaceOrientationLandscapeLeft UIInterfaceOrientationLandscapeRight";
				INFOPLIST_KEY_UISupportedInterfaceOrientations_iPhone = "UIInterfaceOrientationPortrait UIInterfaceOrientationLandscapeLeft UIInterfaceOrientationLandscapeRight";
				LD_RUNPATH_SEARCH_PATHS = (
					"$(inherited)",
					"@executable_path/Frameworks",
				);
				MARKETING_VERSION = 1.0;
				PRODUCT_BUNDLE_IDENTIFIER = "kevmao.T-Conect";
				PRODUCT_NAME = "$(TARGET_NAME)";
				SWIFT_EMIT_LOC_STRINGS = YES;
				SWIFT_VERSION = 5.0;
				TARGETED_DEVICE_FAMILY = "1,2";
			};
			name = Debug;
		};
		47E43E302A26A636003DA621 /* Release */ = {
			isa = XCBuildConfiguration;
			buildSettings = {
				ASSETCATALOG_COMPILER_APPICON_NAME = AppIcon;
				ASSETCATALOG_COMPILER_GLOBAL_ACCENT_COLOR_NAME = AccentColor;
				CODE_SIGN_STYLE = Automatic;
				CURRENT_PROJECT_VERSION = 1;
				DEVELOPMENT_ASSET_PATHS = "\"T-Conect/Preview Content\"";
				DEVELOPMENT_TEAM = 7UZ9279552;
				ENABLE_PREVIEWS = YES;
				GENERATE_INFOPLIST_FILE = YES;
				INFOPLIST_KEY_UIApplicationSceneManifest_Generation = YES;
				INFOPLIST_KEY_UIApplicationSupportsIndirectInputEvents = YES;
				INFOPLIST_KEY_UILaunchScreen_Generation = YES;
				INFOPLIST_KEY_UISupportedInterfaceOrientations_iPad = "UIInterfaceOrientationPortrait UIInterfaceOrientationPortraitUpsideDown UIInterfaceOrientationLandscapeLeft UIInterfaceOrientationLandscapeRight";
				INFOPLIST_KEY_UISupportedInterfaceOrientations_iPhone = "UIInterfaceOrientationPortrait UIInterfaceOrientationLandscapeLeft UIInterfaceOrientationLandscapeRight";
				LD_RUNPATH_SEARCH_PATHS = (
					"$(inherited)",
					"@executable_path/Frameworks",
				);
				MARKETING_VERSION = 1.0;
				PRODUCT_BUNDLE_IDENTIFIER = "kevmao.T-Conect";
				PRODUCT_NAME = "$(TARGET_NAME)";
				SWIFT_EMIT_LOC_STRINGS = YES;
				SWIFT_VERSION = 5.0;
				TARGETED_DEVICE_FAMILY = "1,2";
			};
			name = Release;
		};
/* End XCBuildConfiguration section */

/* Begin XCConfigurationList section */
		47E43E1B2A26A631003DA621 /* Build configuration list for PBXProject "T-Conect" */ = {
			isa = XCConfigurationList;
			buildConfigurations = (
				47E43E2C2A26A636003DA621 /* Debug */,
				47E43E2D2A26A636003DA621 /* Release */,
			);
			defaultConfigurationIsVisible = 0;
			defaultConfigurationName = Release;
		};
		47E43E2E2A26A636003DA621 /* Build configuration list for PBXNativeTarget "T-Conect" */ = {
			isa = XCConfigurationList;
			buildConfigurations = (
				47E43E2F2A26A636003DA621 /* Debug */,
				47E43E302A26A636003DA621 /* Release */,
			);
			defaultConfigurationIsVisible = 0;
			defaultConfigurationName = Release;
		};
/* End XCConfigurationList section */

/* Begin XCRemoteSwiftPackageReference section */
		47451DE02A2D3C42004C767A /* XCRemoteSwiftPackageReference "firebase-ios-sdk" */ = {
			isa = XCRemoteSwiftPackageReference;
			repositoryURL = "https://github.com/firebase/firebase-ios-sdk";
			requirement = {
				kind = upToNextMajorVersion;
				minimumVersion = 9.0.0;
			};
		};
/* End XCRemoteSwiftPackageReference section */

/* Begin XCSwiftPackageProductDependency section */
		47451DE12A2D3C42004C767A /* FirebaseAuth */ = {
			isa = XCSwiftPackageProductDependency;
			package = 47451DE02A2D3C42004C767A /* XCRemoteSwiftPackageReference "firebase-ios-sdk" */;
			productName = FirebaseAuth;
		};
		47451DE32A2D3C42004C767A /* FirebaseFirestore */ = {
			isa = XCSwiftPackageProductDependency;
			package = 47451DE02A2D3C42004C767A /* XCRemoteSwiftPackageReference "firebase-ios-sdk" */;
			productName = FirebaseFirestore;
		};
		47451DE52A2D3C42004C767A /* FirebaseFirestoreSwift */ = {
			isa = XCSwiftPackageProductDependency;
			package = 47451DE02A2D3C42004C767A /* XCRemoteSwiftPackageReference "firebase-ios-sdk" */;
			productName = FirebaseFirestoreSwift;
		};
		47451DE72A2D3C42004C767A /* FirebaseStorage */ = {
			isa = XCSwiftPackageProductDependency;
			package = 47451DE02A2D3C42004C767A /* XCRemoteSwiftPackageReference "firebase-ios-sdk" */;
			productName = FirebaseStorage;
		};
/* End XCSwiftPackageProductDependency section */
	};
	rootObject = 47E43E182A26A631003DA621 /* Project object */;
}
